
Microsoft Visual Studio Solution File, Format Version 12.00
# Visual Studio Version 17
VisualStudioVersion = 17.4.33205.214
MinimumVisualStudioVersion = 10.0.40219.1
Project("{FAE04EC0-301F-11D3-BF4B-00C04F79EFBC}") = "Questions_Api", "Questions_Api\Questions_Api.csproj", "{A8195FD2-CD70-4B7E-89AB-7D5918BA3514}"
EndProject
Global
	GlobalSection(SolutionConfigurationPlatforms) = preSolution
		Debug|Any CPU = Debug|Any CPU
		Release|Any CPU = Release|Any CPU
	EndGlobalSection
	GlobalSection(ProjectConfigurationPlatforms) = postSolution
		{A8195FD2-CD70-4B7E-89AB-7D5918BA3514}.Debug|Any CPU.ActiveCfg = Debug|Any CPU
		{A8195FD2-CD70-4B7E-89AB-7D5918BA3514}.Debug|Any CPU.Build.0 = Debug|Any CPU
		{A8195FD2-CD70-4B7E-89AB-7D5918BA3514}.Release|Any CPU.ActiveCfg = Release|Any CPU
		{A8195FD2-CD70-4B7E-89AB-7D5918BA3514}.Release|Any CPU.Build.0 = Release|Any CPU
	EndGlobalSection
	GlobalSection(SolutionProperties) = preSolution
		HideSolutionNode = FALSE
	EndGlobalSection
	GlobalSection(ExtensibilityGlobals) = postSolution
		SolutionGuid = {1C1D668C-F727-418A-9741-35C69E273BA0}
	EndGlobalSection
EndGlobal
